<?xml version="1.0" encoding="UTF-8" standalone="yes" ?>
<CodeBlocks_project_file>
	<FileVersion major="1" minor="6" />
	<Project>
		<Option title="qtPregen-2.3.0-wx31_492-cb11428q" />
		<Option platforms="Windows;" />
		<Option pch_mode="2" />
		<Option compiler="gnu_gcc_compiler_492" />
		<Option show_notes="0">
			<notes>
				<![CDATA[wx-3.1.0, TDM-4.9.2
use cb11428 sdk 1.36.0

]]>
			</notes>
		</Option>
		<Build>
			<Target title="default">
				<Option platforms="Windows;" />
				<Option output="wx31/QtPregen" prefix_auto="0" extension_auto="1" />
				<Option object_output="wx31/objs" />
				<Option type="3" />
				<Option compiler="gnu_gcc_compiler_492" />
				<Option projectCompilerOptionsRelation="1" />
				<Option projectLinkerOptionsRelation="1" />
				<Option projectIncludeDirsRelation="1" />
				<Option projectResourceIncludeDirsRelation="1" />
				<Option projectLibDirsRelation="1" />
				<Compiler>
					<Add option="-flto" />
					<Add option="-Os" />
					<Add option="-Wfatal-errors" />
					<Add option="-Wextra" />
					<Add option="-Wall" />
					<Add option="-std=c++11" />
					<Add option="-m32" />
					<Add option="-Wno-unused-parameter" />
					<Add option="-Wno-deprecated-declarations" />
					<Add option="-pipe" />
					<Add option="-mthreads" />
					<Add option="-fmessage-length=0" />
					<Add option="-fexceptions" />
					<Add option="-Winvalid-pch" />
					<Add option="-DBUILDING_PLUGIN" />
					<Add option="-DHAVE_W32API_H" />
					<Add option="-D__WXMSW__" />
					<Add option="-DWXUSINGDLL" />
					<Add option="-DcbDEBUG" />
					<Add option="-DCB_PRECOMP" />
					<Add option="-DWX_PRECOMP" />
					<Add option="-DwxUSE_UNICODE" />
					<Add directory="src" />
					<Add directory="$cb/include" />
					<Add directory="$cb/include/tinyxml" />
					<Add directory="$cb/plugins/compilergcc" />
					<Add directory="$cb/sdk/wxscintilla/include" />
					<Add directory="$wx/include" />
					<Add directory="$wx/contrib/include" />
					<Add directory="$wx/lib/gcc$(v_gcc)_dll/mswu" />
				</Compiler>
				<ResourceCompiler>
					<Add directory="$wx/include" />
				</ResourceCompiler>
				<Linker>
					<Add option="-flto" />
					<Add option="-s" />
					<Add option="-m32" />
					<Add library="codeblocks" />
					<Add library="wxmsw31u" />
					<Add directory="$cb/devel30" />
					<Add directory="$cb/devel30/share/CodeBlocks/plugins/" />
					<Add directory="$wx/lib/gcc$(v_gcc)_dll" />
				</Linker>
				<ExtraCommands>
					<Add after="zip -j9 wx31\QtPregen.zip manifest.xml" />
					<Add after="zip -j9 wx31\QtPregen.cbplugin wx31\QtPregen.dll  wx31\QtPregen.zip" />
					<Mode after="always" />
				</ExtraCommands>
				<Environment>
					<Variable name="cb" value="$(#cb11428_492_31)" />
					<Variable name="wx" value="$(#wx31_492)" />
				</Environment>
			</Target>
			<Target title="cbqt5">
				<Option output="BuildCB/cbq5.exe" prefix_auto="1" extension_auto="0" />
				<Option object_output="BuildCB/.objs" />
				<Option type="1" />
				<Option compiler="gnu_gcc_compiler_530_qt59x" />
				<Option use_console_runner="0" />
				<Option projectCompilerOptionsRelation="1" />
				<Compiler>
					<Add option="-Wall" />
					<Add option="-std=c++11" />
					<Add option="-frtti" />
					<Add option="-fexceptions" />
					<Add option="-mthreads" />
					<Add directory="$qt/include" />
					<Add directory="$qt/include/QtWidgets" />
					<Add directory="complements/cbqt5/" />
					<Add directory="adding/cbqt5/" />
				</Compiler>
				<Linker>
					<Add option="-mthreads" />
					<Add option="--enable-stcall-fixup" />
					<Add option="--enable-auto-import" />
					<Add option="--enable-runtime-pseudo-reloc" />
					<Add option="-mconsole" />
					<Add option="-mwindows" />
					<Add library="Qt5Widgets" />
					<Add library="Qt5Core" />
					<Add library="Qt5Gui" />
					<Add directory="$qt/lib" />
				</Linker>
				<Environment>
					<Variable name="qt" value="$(#qt59)" />
				</Environment>
			</Target>
			<Target title="patchs">
				<Option type="4" />
				<Option compiler="null" />
			</Target>
			<Target title="infos">
				<Option type="4" />
				<Option compiler="null" />
			</Target>
			<Environment>
				<Variable name="WX_CFG" value="" />
				<Variable name="WX_SUFFIX" value="u" />
			</Environment>
		</Build>
		<Compiler>
			<Add option="-std=c++11" />
		</Compiler>
		<Unit filename="CodeBlocks/templates/wizard/cbqt4/files/main.cpp">
			<Option target="&lt;{~None~}&gt;" />
		</Unit>
		<Unit filename="CodeBlocks/templates/wizard/cbqt4/files/qtest.cpp">
			<Option target="&lt;{~None~}&gt;" />
		</Unit>
		<Unit filename="CodeBlocks/templates/wizard/cbqt4/files/qtest.h">
			<Option target="&lt;{~None~}&gt;" />
		</Unit>
		<Unit filename="CodeBlocks/templates/wizard/cbqt4/logo.png">
			<Option target="&lt;{~None~}&gt;" />
		</Unit>
		<Unit filename="CodeBlocks/templates/wizard/cbqt4/wizard.png">
			<Option target="&lt;{~None~}&gt;" />
		</Unit>
		<Unit filename="CodeBlocks/templates/wizard/cbqt4/wizard.script">
			<Option target="&lt;{~None~}&gt;" />
		</Unit>
		<Unit filename="CodeBlocks/templates/wizard/cbqt5/files/main.cpp">
			<Option target="cbqt5" />
		</Unit>
		<Unit filename="CodeBlocks/templates/wizard/cbqt5/files/qtest.cpp">
			<Option target="cbqt5" />
		</Unit>
		<Unit filename="CodeBlocks/templates/wizard/cbqt5/files/qtest.h">
			<Option target="cbqt5" />
		</Unit>
		<Unit filename="CodeBlocks/templates/wizard/cbqt5/logo.png">
			<Option target="&lt;{~None~}&gt;" />
		</Unit>
		<Unit filename="CodeBlocks/templates/wizard/cbqt5/wizard.png">
			<Option target="&lt;{~None~}&gt;" />
		</Unit>
		<Unit filename="CodeBlocks/templates/wizard/cbqt5/wizard.script">
			<Option target="&lt;{~None~}&gt;" />
		</Unit>
		<Unit filename="adding/cbqt5/moc_qtest.cpp">
			<Option weight="1" />
			<Option target="cbqt5" />
		</Unit>
		<Unit filename="infos/Concept.his">
			<Option target="infos" />
		</Unit>
		<Unit filename="infos/LISMOI.md">
			<Option target="infos" />
		</Unit>
		<Unit filename="infos/README.md">
			<Option target="infos" />
		</Unit>
		<Unit filename="infos/Todo.his">
			<Option target="infos" />
		</Unit>
		<Unit filename="infos/comtoPlugin.txt">
			<Option target="infos" />
		</Unit>
		<Unit filename="infos/erreur.his">
			<Option target="infos" />
		</Unit>
		<Unit filename="infos/qtpregen.his">
			<Option target="infos" />
		</Unit>
		<Unit filename="infos/qtpregen_exp.en">
			<Option target="infos" />
		</Unit>
		<Unit filename="infos/qtpregen_exp.fr">
			<Option target="infos" />
		</Unit>
		<Unit filename="manifest.xml">
			<Option target="default" />
		</Unit>
		<Unit filename="patch/cb-16-01-evPREGEN-0.8.5.patch">
			<Option target="patchs" />
		</Unit>
		<Unit filename="patch/svn10253-evPREGEN-0.8.5.patch">
			<Option target="patchs" />
		</Unit>
		<Unit filename="patch/svn10376-evPREGEN-0.8.5.patch">
			<Option target="patchs" />
		</Unit>
		<Unit filename="patch/svn10474-evPREGEN-0.8.5.patch">
			<Option target="patchs" />
		</Unit>
		<Unit filename="patch/svn10528-evPREGEN-0.8.5.patch">
			<Option target="patchs" />
		</Unit>
		<Unit filename="patch/svn10600-evPREGEN-0.8.5.patch">
			<Option target="patchs" />
		</Unit>
		<Unit filename="patch/svn10703-evPREGEN-0.8.5.patch">
			<Option target="patchs" />
		</Unit>
		<Unit filename="patch/svn10922-evPREGEN-0.8.6.patch">
			<Option target="patchs" />
		</Unit>
		<Unit filename="patch/svn11021-evPREGEN-0.8.6.patch">
			<Option target="patchs" />
		</Unit>
		<Unit filename="patch/svn11021-evPREGEN-0.8.7.patch">
			<Option target="patchs" />
		</Unit>
		<Unit filename="src/print.h">
			<Option target="default" />
		</Unit>
		<Unit filename="src/qtPrebuild.cpp">
			<Option target="default" />
		</Unit>
		<Unit filename="src/qtPrebuild.h">
			<Option target="default" />
		</Unit>
		<Unit filename="src/qtpre.cpp">
			<Option target="default" />
		</Unit>
		<Unit filename="src/qtpre.h">
			<Option target="default" />
		</Unit>
		<Unit filename="src/qtpregen.cpp">
			<Option target="default" />
		</Unit>
		<Unit filename="src/qtpregen.h">
			<Option target="default" />
		</Unit>
		<Extensions>
			<envvars set="default" />
			<code_completion />
			<debugger />
		</Extensions>
	</Project>
</CodeBlocks_project_file>
