<?xml version="1.0" encoding="UTF-8" standalone="yes" ?>
<CodeBlocks_project_file>
	<FileVersion major="1" minor="6" />
	<Project>
		<Option title="qtPregen-2.6-sdk142(Unix)" />
		<Option platforms="Unix;" />
		<Option pch_mode="2" />
		<Option compiler="gcc" />
		<Option show_notes="0">
			<notes>
				<![CDATA[use cb11792 sdk 1.42.0]>
			</notes>
		</Option>
		<Build>
			<Target title="default28">
				<Option platforms="Unix;" />
				<Option output="$(TARGET_NAME)/QtPregen" prefix_auto="0" extension_auto="1" />
				<Option object_output=".objs/$(TARGET_NAME)/" />
				<Option type="3" />
				<Option compiler="gcc" />
				<Compiler>
					<Add option="-g" />
					<Add option="`wx-config --cflags  --version=2.8`" />
					<Add directory="src" />
					<Add directory="$cb/include" />
					<Add directory="$cb/include/tinyxml" />
					<Add directory="$cb/sdk/wxscintilla/include" />
					<Add directory="$cb/plugins/codecompletion" />
					<Add directory="$(#cb11656)/plugins/codecompletion" />
				</Compiler>
				<Linker>
					<Add option="`wx-config --libs  --version=2.8`" />
					<Add library="codeblocks" />
					<Add directory="$(cb)/devel" />
				</Linker>
				<ExtraCommands>
					<Add after="zip -j9 $(TARGET_NAME)/QtPregen.zip manifest.xml" />
					<Add after="zip -j9 $(TARGET_NAME)/QtPregen.cbplugin $(TARGET_NAME)/QtPregen.so $(TARGET_NAME)/QtPregen.zip" />
					<Mode after="always" />
				</ExtraCommands>
				<Environment>
					<Variable name="cb" value='&quot;$(#sdk142)&quot;' />
				</Environment>
			</Target>
			<Target title="cbqt5">
				<Option type="4" />
				<Option compiler="null" />
			</Target>
			<Target title="patchs">
				<Option type="4" />
				<Option compiler="null" />
			</Target>
			<Target title="info">
				<Option type="4" />
				<Option compiler="null" />
			</Target>
		</Build>
		<Compiler>
			<Add option="-std=c++11" />
			<Add option="-fPIC" />
			<Add option="-m64" />
			<Add option="-D__WXGTK__" />
			<Add directory="src" />
		</Compiler>
		<Linker>
			<Add option="-m64" />
			<Add option="-Wl,--no-undefined" />
		</Linker>
		<Unit filename="infos/qtpregen.his">
			<Option target="info" />
		</Unit>
		<Unit filename="manifest.xml">
			<Option target="default28" />
		</Unit>
		<Unit filename="src/defines.h">
			<Option target="default28" />
		</Unit>
		<Unit filename="src/qtpre.cpp">
			<Option target="default28" />
		</Unit>
		<Unit filename="src/qtpre.h">
			<Option target="default28" />
		</Unit>
		<Unit filename="src/qtprebuild.cpp">
			<Option target="default28" />
		</Unit>
		<Unit filename="src/qtprebuild.h">
			<Option target="default28" />
		</Unit>
		<Unit filename="src/qtpregen.cpp">
			<Option target="default28" />
		</Unit>
		<Unit filename="src/qtpregen.h">
			<Option target="default28" />
		</Unit>
		<Extensions>
			<code_completion />
			<debugger />
			<envvars />
			<DoxyBlocks>
				<comment_style block="0" line="0" />
				<doxyfile_project />
				<doxyfile_build extract_all="1" />
				<doxyfile_warnings />
				<doxyfile_output />
				<doxyfile_dot class_diagrams="1" have_dot="1" />
				<general />
			</DoxyBlocks>
		</Extensions>
	</Project>
</CodeBlocks_project_file>
