<?xml version="1.0" encoding="UTF-8" standalone="yes" ?>
<CodeBlocks_project_file>
	<FileVersion major="1" minor="6" />
	<Project>
		<Option title="qtPregen-1.1-cb11246" />
		<Option platforms="Windows;" />
		<Option pch_mode="2" />
		<Option compiler="gcc" />
		<Option show_notes="0">
			<notes>
				<![CDATA[use cb11246 sdk 1.33.0
patch revised 1.1
]]>
			</notes>
		</Option>
		<Build>
			<Target title="default">
				<Option platforms="Windows;" />
				<Option output="QtPregen" prefix_auto="0" extension_auto="1" />
				<Option object_output="objs" />
				<Option type="3" />
				<Option compiler="gcc" />
				<Option projectCompilerOptionsRelation="1" />
				<Compiler>
					<Add option="-g" />
					<Add option="-std=gnu++11" />
					<Add option="-pipe" />
					<Add option="-mthreads" />
					<Add option="-fmessage-length=0" />
					<Add option="-fexceptions" />
					<Add option="-Winvalid-pch" />
					<Add option="-DBUILDING_PLUGIN" />
					<Add option="-DHAVE_W32API_H" />
					<Add option="-D__WXMSW__" />
					<Add option="-DWXUSINGDLL" />
					<Add option="-DcbDEBUG" />
					<Add option="-DCB_PRECOMP" />
					<Add option="-DWX_PRECOMP" />
					<Add option="-DwxUSE_UNICODE" />
					<Add directory="src" />
					<Add directory="$(cb)/include" />
					<Add directory="$(cb)/include/tinyxml" />
					<Add directory="$(cb)/sdk/wxscintilla/include" />
					<Add directory="$(#wx.include)" />
					<Add directory="$(#wx)/contrib/include" />
					<Add directory="$(#wx.lib)/gcc_dll/mswu" />
				</Compiler>
				<ResourceCompiler>
					<Add directory="$(#wx.include)" />
				</ResourceCompiler>
				<Linker>
					<Add library="codeblocks" />
					<Add library="wxmsw28u" />
					<Add directory="$(cb)/devel" />
					<Add directory="$(cb)/devel/share/CodeBlocks/plugins/" />
					<Add directory="$(#wx.lib)/gcc_dll" />
				</Linker>
				<ExtraCommands>
					<Add after="zip -j9 QtPregen.zip manifest.xml" />
					<Add after="zip -j9 QtPregen.cbplugin QtPregen.dll QtPregen.zip" />
					<Mode after="always" />
				</ExtraCommands>
				<Environment>
					<Variable name="cb" value="$(#cb11246)" />
				</Environment>
			</Target>
			<Target title="cbqt4">
				<Option type="4" />
				<Option compiler="null" />
			</Target>
			<Target title="cbqt5">
				<Option type="4" />
				<Option compiler="null" />
			</Target>
			<Target title="patchs">
				<Option type="4" />
				<Option compiler="null" />
			</Target>
			<Target title="infos">
				<Option type="4" />
				<Option compiler="gcc" />
			</Target>
			<Environment>
				<Variable name="WX_CFG" value="" />
				<Variable name="WX_SUFFIX" value="u" />
			</Environment>
		</Build>
		<VirtualTargets>
			<Add alias="All" targets="default;" />
		</VirtualTargets>
		<Linker>
			<Add library="wxmsw28u_gcc_cb" />
		</Linker>
		<Unit filename="CodeBlocks/templates/wizard/cbqt4/files/main.cpp">
			<Option target="cbqt4" />
		</Unit>
		<Unit filename="CodeBlocks/templates/wizard/cbqt4/files/qtest.cpp">
			<Option target="cbqt4" />
		</Unit>
		<Unit filename="CodeBlocks/templates/wizard/cbqt4/files/qtest.h">
			<Option target="cbqt4" />
		</Unit>
		<Unit filename="CodeBlocks/templates/wizard/cbqt4/logo.png">
			<Option target="cbqt4" />
		</Unit>
		<Unit filename="CodeBlocks/templates/wizard/cbqt4/wizard.png">
			<Option target="cbqt4" />
		</Unit>
		<Unit filename="CodeBlocks/templates/wizard/cbqt4/wizard.script">
			<Option target="cbqt4" />
		</Unit>
		<Unit filename="CodeBlocks/templates/wizard/cbqt5/files/main.cpp">
			<Option target="cbqt5" />
		</Unit>
		<Unit filename="CodeBlocks/templates/wizard/cbqt5/files/qtest.cpp">
			<Option target="cbqt5" />
		</Unit>
		<Unit filename="CodeBlocks/templates/wizard/cbqt5/files/qtest.h">
			<Option target="cbqt5" />
		</Unit>
		<Unit filename="CodeBlocks/templates/wizard/cbqt5/logo.png">
			<Option target="cbqt5" />
		</Unit>
		<Unit filename="CodeBlocks/templates/wizard/cbqt5/wizard.png">
			<Option target="cbqt5" />
		</Unit>
		<Unit filename="CodeBlocks/templates/wizard/cbqt5/wizard.script">
			<Option target="cbqt5" />
		</Unit>
		<Unit filename="infos/LISMOI.md">
			<Option target="infos" />
		</Unit>
		<Unit filename="infos/README.md">
			<Option target="infos" />
		</Unit>
		<Unit filename="infos/Todo.his">
			<Option target="infos" />
		</Unit>
		<Unit filename="infos/qtpregen.his">
			<Option target="infos" />
		</Unit>
		<Unit filename="infos/qtpregen_exp.en">
			<Option target="infos" />
		</Unit>
		<Unit filename="infos/qtpregen_exp.fr">
			<Option target="infos" />
		</Unit>
		<Unit filename="manifest.xml">
			<Option target="default" />
		</Unit>
		<Unit filename="patch/cb-16-01-evPREGEN-0.8.5.patch">
			<Option target="patchs" />
		</Unit>
		<Unit filename="patch/svn10118-evPREGEN0.7.1.patch">
			<Option target="patchs" />
		</Unit>
		<Unit filename="patch/svn10127-evPREGEN0.7.1.patch">
			<Option target="patchs" />
		</Unit>
		<Unit filename="patch/svn10253-evPREGEN-0.8.5.patch">
			<Option target="patchs" />
		</Unit>
		<Unit filename="patch/svn10376-evPREGEN-0.8.5.patch">
			<Option target="patchs" />
		</Unit>
		<Unit filename="patch/svn10474-evPREGEN-0.8.5.patch">
			<Option target="patchs" />
		</Unit>
		<Unit filename="patch/svn10528-evPREGEN-0.8.5.patch">
			<Option target="patchs" />
		</Unit>
		<Unit filename="patch/svn10600-evPREGEN-0.8.5.patch">
			<Option target="patchs" />
		</Unit>
		<Unit filename="patch/svn10703-evPREGEN-0.8.5.patch">
			<Option target="patchs" />
		</Unit>
		<Unit filename="patch/svn10922-evPREGEN-0.8.6.patch">
			<Option target="patchs" />
		</Unit>
		<Unit filename="patch/svn11021-evPREGEN-0.8.6.patch">
			<Option target="patchs" />
		</Unit>
		<Unit filename="patch/svn11021-evPREGEN-0.8.7.patch">
			<Option target="patchs" />
		</Unit>
		<Unit filename="src/print.h">
			<Option target="default" />
		</Unit>
		<Unit filename="src/qtPrebuild.cpp">
			<Option target="default" />
		</Unit>
		<Unit filename="src/qtPrebuild.h">
			<Option target="default" />
		</Unit>
		<Unit filename="src/qtpre.cpp">
			<Option target="default" />
		</Unit>
		<Unit filename="src/qtpre.h">
			<Option target="default" />
		</Unit>
		<Unit filename="src/qtpregen.cpp">
			<Option target="default" />
		</Unit>
		<Unit filename="src/qtpregen.h">
			<Option target="default" />
		</Unit>
		<Extensions>
			<envvars set="default" />
			<code_completion />
			<debugger />
		</Extensions>
	</Project>
</CodeBlocks_project_file>
